
Microsoft Visual Studio Solution File, Format Version 12.00
# Visual Studio 15
VisualStudioVersion = 15.0.27703.2042
MinimumVisualStudioVersion = 10.0.40219.1
Project("{FAE04EC0-301F-11D3-BF4B-00C04F79EFBC}") = "IDEX.Android", "IDEX\IDEX.Android\IDEX.Android.csproj", "{4ECA0728-7E81-467D-A5F0-8637797BB18D}"
EndProject
Project("{FAE04EC0-301F-11D3-BF4B-00C04F79EFBC}") = "IDEX.iOS", "IDEX\IDEX.iOS\IDEX.iOS.csproj", "{38EAAF90-915C-46F7-91B8-B1071359EC83}"
EndProject
Project("{9A19103F-16F7-4668-BE54-9A1E7A4F7556}") = "IDEX", "IDEX\IDEX\IDEX.csproj", "{FDE8BE15-EFD6-45EA-A681-177F279D8DEA}"
EndProject
Project("{9A19103F-16F7-4668-BE54-9A1E7A4F7556}") = "CustomController", "CustomController\CustomController.csproj", "{8C0BCEEF-5688-4691-8254-37DE6C246F8C}"
EndProject
Global
	GlobalSection(SolutionConfigurationPlatforms) = preSolution
		Ad-Hoc|Any CPU = Ad-Hoc|Any CPU
		Ad-Hoc|iPhone = Ad-Hoc|iPhone
		Ad-Hoc|iPhoneSimulator = Ad-Hoc|iPhoneSimulator
		AppStore|Any CPU = AppStore|Any CPU
		AppStore|iPhone = AppStore|iPhone
		AppStore|iPhoneSimulator = AppStore|iPhoneSimulator
		Debug|Any CPU = Debug|Any CPU
		Debug|iPhone = Debug|iPhone
		Debug|iPhoneSimulator = Debug|iPhoneSimulator
		Release|Any CPU = Release|Any CPU
		Release|iPhone = Release|iPhone
		Release|iPhoneSimulator = Release|iPhoneSimulator
	EndGlobalSection
	GlobalSection(ProjectConfigurationPlatforms) = postSolution
		{4ECA0728-7E81-467D-A5F0-8637797BB18D}.Ad-Hoc|Any CPU.ActiveCfg = Release|Any CPU
		{4ECA0728-7E81-467D-A5F0-8637797BB18D}.Ad-Hoc|Any CPU.Build.0 = Release|Any CPU
		{4ECA0728-7E81-467D-A5F0-8637797BB18D}.Ad-Hoc|Any CPU.Deploy.0 = Release|Any CPU
		{4ECA0728-7E81-467D-A5F0-8637797BB18D}.Ad-Hoc|iPhone.ActiveCfg = Release|Any CPU
		{4ECA0728-7E81-467D-A5F0-8637797BB18D}.Ad-Hoc|iPhone.Build.0 = Release|Any CPU
		{4ECA0728-7E81-467D-A5F0-8637797BB18D}.Ad-Hoc|iPhone.Deploy.0 = Release|Any CPU
		{4ECA0728-7E81-467D-A5F0-8637797BB18D}.Ad-Hoc|iPhoneSimulator.ActiveCfg = Release|Any CPU
		{4ECA0728-7E81-467D-A5F0-8637797BB18D}.Ad-Hoc|iPhoneSimulator.Build.0 = Release|Any CPU
		{4ECA0728-7E81-467D-A5F0-8637797BB18D}.Ad-Hoc|iPhoneSimulator.Deploy.0 = Release|Any CPU
		{4ECA0728-7E81-467D-A5F0-8637797BB18D}.AppStore|Any CPU.ActiveCfg = Release|Any CPU
		{4ECA0728-7E81-467D-A5F0-8637797BB18D}.AppStore|Any CPU.Build.0 = Release|Any CPU
		{4ECA0728-7E81-467D-A5F0-8637797BB18D}.AppStore|Any CPU.Deploy.0 = Release|Any CPU
		{4ECA0728-7E81-467D-A5F0-8637797BB18D}.AppStore|iPhone.ActiveCfg = Release|Any CPU
		{4ECA0728-7E81-467D-A5F0-8637797BB18D}.AppStore|iPhone.Build.0 = Release|Any CPU
		{4ECA0728-7E81-467D-A5F0-8637797BB18D}.AppStore|iPhone.Deploy.0 = Release|Any CPU
		{4ECA0728-7E81-467D-A5F0-8637797BB18D}.AppStore|iPhoneSimulator.ActiveCfg = Release|Any CPU
		{4ECA0728-7E81-467D-A5F0-8637797BB18D}.AppStore|iPhoneSimulator.Build.0 = Release|Any CPU
		{4ECA0728-7E81-467D-A5F0-8637797BB18D}.AppStore|iPhoneSimulator.Deploy.0 = Release|Any CPU
		{4ECA0728-7E81-467D-A5F0-8637797BB18D}.Debug|Any CPU.ActiveCfg = Debug|Any CPU
		{4ECA0728-7E81-467D-A5F0-8637797BB18D}.Debug|Any CPU.Build.0 = Debug|Any CPU
		{4ECA0728-7E81-467D-A5F0-8637797BB18D}.Debug|Any CPU.Deploy.0 = Debug|Any CPU
		{4ECA0728-7E81-467D-A5F0-8637797BB18D}.Debug|iPhone.ActiveCfg = Debug|Any CPU
		{4ECA0728-7E81-467D-A5F0-8637797BB18D}.Debug|iPhone.Build.0 = Debug|Any CPU
		{4ECA0728-7E81-467D-A5F0-8637797BB18D}.Debug|iPhone.Deploy.0 = Debug|Any CPU
		{4ECA0728-7E81-467D-A5F0-8637797BB18D}.Debug|iPhoneSimulator.ActiveCfg = Debug|Any CPU
		{4ECA0728-7E81-467D-A5F0-8637797BB18D}.Debug|iPhoneSimulator.Build.0 = Debug|Any CPU
		{4ECA0728-7E81-467D-A5F0-8637797BB18D}.Debug|iPhoneSimulator.Deploy.0 = Debug|Any CPU
		{4ECA0728-7E81-467D-A5F0-8637797BB18D}.Release|Any CPU.ActiveCfg = Release|Any CPU
		{4ECA0728-7E81-467D-A5F0-8637797BB18D}.Release|Any CPU.Build.0 = Release|Any CPU
		{4ECA0728-7E81-467D-A5F0-8637797BB18D}.Release|Any CPU.Deploy.0 = Release|Any CPU
		{4ECA0728-7E81-467D-A5F0-8637797BB18D}.Release|iPhone.ActiveCfg = Release|Any CPU
		{4ECA0728-7E81-467D-A5F0-8637797BB18D}.Release|iPhone.Build.0 = Release|Any CPU
		{4ECA0728-7E81-467D-A5F0-8637797BB18D}.Release|iPhone.Deploy.0 = Release|Any CPU
		{4ECA0728-7E81-467D-A5F0-8637797BB18D}.Release|iPhoneSimulator.ActiveCfg = Release|Any CPU
		{4ECA0728-7E81-467D-A5F0-8637797BB18D}.Release|iPhoneSimulator.Build.0 = Release|Any CPU
		{4ECA0728-7E81-467D-A5F0-8637797BB18D}.Release|iPhoneSimulator.Deploy.0 = Release|Any CPU
		{38EAAF90-915C-46F7-91B8-B1071359EC83}.Ad-Hoc|Any CPU.ActiveCfg = Ad-Hoc|iPhone
		{38EAAF90-915C-46F7-91B8-B1071359EC83}.Ad-Hoc|Any CPU.Build.0 = Ad-Hoc|iPhone
		{38EAAF90-915C-46F7-91B8-B1071359EC83}.Ad-Hoc|Any CPU.Deploy.0 = Ad-Hoc|iPhone
		{38EAAF90-915C-46F7-91B8-B1071359EC83}.Ad-Hoc|iPhone.ActiveCfg = Ad-Hoc|iPhone
		{38EAAF90-915C-46F7-91B8-B1071359EC83}.Ad-Hoc|iPhone.Build.0 = Ad-Hoc|iPhone
		{38EAAF90-915C-46F7-91B8-B1071359EC83}.Ad-Hoc|iPhone.Deploy.0 = Ad-Hoc|iPhone
		{38EAAF90-915C-46F7-91B8-B1071359EC83}.Ad-Hoc|iPhoneSimulator.ActiveCfg = Ad-Hoc|iPhoneSimulator
		{38EAAF90-915C-46F7-91B8-B1071359EC83}.Ad-Hoc|iPhoneSimulator.Build.0 = Ad-Hoc|iPhoneSimulator
		{38EAAF90-915C-46F7-91B8-B1071359EC83}.Ad-Hoc|iPhoneSimulator.Deploy.0 = Ad-Hoc|iPhoneSimulator
		{38EAAF90-915C-46F7-91B8-B1071359EC83}.AppStore|Any CPU.ActiveCfg = AppStore|iPhone
		{38EAAF90-915C-46F7-91B8-B1071359EC83}.AppStore|Any CPU.Build.0 = AppStore|iPhone
		{38EAAF90-915C-46F7-91B8-B1071359EC83}.AppStore|Any CPU.Deploy.0 = AppStore|iPhone
		{38EAAF90-915C-46F7-91B8-B1071359EC83}.AppStore|iPhone.ActiveCfg = AppStore|iPhone
		{38EAAF90-915C-46F7-91B8-B1071359EC83}.AppStore|iPhone.Build.0 = AppStore|iPhone
		{38EAAF90-915C-46F7-91B8-B1071359EC83}.AppStore|iPhone.Deploy.0 = AppStore|iPhone
		{38EAAF90-915C-46F7-91B8-B1071359EC83}.AppStore|iPhoneSimulator.ActiveCfg = AppStore|iPhoneSimulator
		{38EAAF90-915C-46F7-91B8-B1071359EC83}.AppStore|iPhoneSimulator.Build.0 = AppStore|iPhoneSimulator
		{38EAAF90-915C-46F7-91B8-B1071359EC83}.AppStore|iPhoneSimulator.Deploy.0 = AppStore|iPhoneSimulator
		{38EAAF90-915C-46F7-91B8-B1071359EC83}.Debug|Any CPU.ActiveCfg = Debug|iPhoneSimulator
		{38EAAF90-915C-46F7-91B8-B1071359EC83}.Debug|Any CPU.Deploy.0 = Debug|iPhoneSimulator
		{38EAAF90-915C-46F7-91B8-B1071359EC83}.Debug|iPhone.ActiveCfg = Debug|iPhone
		{38EAAF90-915C-46F7-91B8-B1071359EC83}.Debug|iPhone.Build.0 = Debug|iPhone
		{38EAAF90-915C-46F7-91B8-B1071359EC83}.Debug|iPhone.Deploy.0 = Debug|iPhone
		{38EAAF90-915C-46F7-91B8-B1071359EC83}.Debug|iPhoneSimulator.ActiveCfg = Debug|iPhoneSimulator
		{38EAAF90-915C-46F7-91B8-B1071359EC83}.Debug|iPhoneSimulator.Build.0 = Debug|iPhoneSimulator
		{38EAAF90-915C-46F7-91B8-B1071359EC83}.Debug|iPhoneSimulator.Deploy.0 = Debug|iPhoneSimulator
		{38EAAF90-915C-46F7-91B8-B1071359EC83}.Release|Any CPU.ActiveCfg = Release|iPhone
		{38EAAF90-915C-46F7-91B8-B1071359EC83}.Release|Any CPU.Build.0 = Release|iPhone
		{38EAAF90-915C-46F7-91B8-B1071359EC83}.Release|Any CPU.Deploy.0 = Release|iPhone
		{38EAAF90-915C-46F7-91B8-B1071359EC83}.Release|iPhone.ActiveCfg = Release|iPhone
		{38EAAF90-915C-46F7-91B8-B1071359EC83}.Release|iPhone.Build.0 = Release|iPhone
		{38EAAF90-915C-46F7-91B8-B1071359EC83}.Release|iPhone.Deploy.0 = Release|iPhone
		{38EAAF90-915C-46F7-91B8-B1071359EC83}.Release|iPhoneSimulator.ActiveCfg = Release|iPhoneSimulator
		{38EAAF90-915C-46F7-91B8-B1071359EC83}.Release|iPhoneSimulator.Build.0 = Release|iPhoneSimulator
		{38EAAF90-915C-46F7-91B8-B1071359EC83}.Release|iPhoneSimulator.Deploy.0 = Release|iPhoneSimulator
		{FDE8BE15-EFD6-45EA-A681-177F279D8DEA}.Ad-Hoc|Any CPU.ActiveCfg = Debug|Any CPU
		{FDE8BE15-EFD6-45EA-A681-177F279D8DEA}.Ad-Hoc|Any CPU.Build.0 = Debug|Any CPU
		{FDE8BE15-EFD6-45EA-A681-177F279D8DEA}.Ad-Hoc|Any CPU.Deploy.0 = Debug|Any CPU
		{FDE8BE15-EFD6-45EA-A681-177F279D8DEA}.Ad-Hoc|iPhone.ActiveCfg = Debug|Any CPU
		{FDE8BE15-EFD6-45EA-A681-177F279D8DEA}.Ad-Hoc|iPhone.Build.0 = Debug|Any CPU
		{FDE8BE15-EFD6-45EA-A681-177F279D8DEA}.Ad-Hoc|iPhone.Deploy.0 = Debug|Any CPU
		{FDE8BE15-EFD6-45EA-A681-177F279D8DEA}.Ad-Hoc|iPhoneSimulator.ActiveCfg = Debug|Any CPU
		{FDE8BE15-EFD6-45EA-A681-177F279D8DEA}.Ad-Hoc|iPhoneSimulator.Build.0 = Debug|Any CPU
		{FDE8BE15-EFD6-45EA-A681-177F279D8DEA}.Ad-Hoc|iPhoneSimulator.Deploy.0 = Debug|Any CPU
		{FDE8BE15-EFD6-45EA-A681-177F279D8DEA}.AppStore|Any CPU.ActiveCfg = Debug|Any CPU
		{FDE8BE15-EFD6-45EA-A681-177F279D8DEA}.AppStore|Any CPU.Build.0 = Debug|Any CPU
		{FDE8BE15-EFD6-45EA-A681-177F279D8DEA}.AppStore|Any CPU.Deploy.0 = Debug|Any CPU
		{FDE8BE15-EFD6-45EA-A681-177F279D8DEA}.AppStore|iPhone.ActiveCfg = Debug|Any CPU
		{FDE8BE15-EFD6-45EA-A681-177F279D8DEA}.AppStore|iPhone.Build.0 = Debug|Any CPU
		{FDE8BE15-EFD6-45EA-A681-177F279D8DEA}.AppStore|iPhone.Deploy.0 = Debug|Any CPU
		{FDE8BE15-EFD6-45EA-A681-177F279D8DEA}.AppStore|iPhoneSimulator.ActiveCfg = Debug|Any CPU
		{FDE8BE15-EFD6-45EA-A681-177F279D8DEA}.AppStore|iPhoneSimulator.Build.0 = Debug|Any CPU
		{FDE8BE15-EFD6-45EA-A681-177F279D8DEA}.AppStore|iPhoneSimulator.Deploy.0 = Debug|Any CPU
		{FDE8BE15-EFD6-45EA-A681-177F279D8DEA}.Debug|Any CPU.ActiveCfg = Debug|Any CPU
		{FDE8BE15-EFD6-45EA-A681-177F279D8DEA}.Debug|Any CPU.Build.0 = Debug|Any CPU
		{FDE8BE15-EFD6-45EA-A681-177F279D8DEA}.Debug|Any CPU.Deploy.0 = Debug|Any CPU
		{FDE8BE15-EFD6-45EA-A681-177F279D8DEA}.Debug|iPhone.ActiveCfg = Debug|Any CPU
		{FDE8BE15-EFD6-45EA-A681-177F279D8DEA}.Debug|iPhone.Build.0 = Debug|Any CPU
		{FDE8BE15-EFD6-45EA-A681-177F279D8DEA}.Debug|iPhone.Deploy.0 = Debug|Any CPU
		{FDE8BE15-EFD6-45EA-A681-177F279D8DEA}.Debug|iPhoneSimulator.ActiveCfg = Debug|Any CPU
		{FDE8BE15-EFD6-45EA-A681-177F279D8DEA}.Debug|iPhoneSimulator.Build.0 = Debug|Any CPU
		{FDE8BE15-EFD6-45EA-A681-177F279D8DEA}.Debug|iPhoneSimulator.Deploy.0 = Debug|Any CPU
		{FDE8BE15-EFD6-45EA-A681-177F279D8DEA}.Release|Any CPU.ActiveCfg = Release|Any CPU
		{FDE8BE15-EFD6-45EA-A681-177F279D8DEA}.Release|Any CPU.Build.0 = Release|Any CPU
		{FDE8BE15-EFD6-45EA-A681-177F279D8DEA}.Release|Any CPU.Deploy.0 = Release|Any CPU
		{FDE8BE15-EFD6-45EA-A681-177F279D8DEA}.Release|iPhone.ActiveCfg = Release|Any CPU
		{FDE8BE15-EFD6-45EA-A681-177F279D8DEA}.Release|iPhone.Build.0 = Release|Any CPU
		{FDE8BE15-EFD6-45EA-A681-177F279D8DEA}.Release|iPhone.Deploy.0 = Release|Any CPU
		{FDE8BE15-EFD6-45EA-A681-177F279D8DEA}.Release|iPhoneSimulator.ActiveCfg = Release|Any CPU
		{FDE8BE15-EFD6-45EA-A681-177F279D8DEA}.Release|iPhoneSimulator.Build.0 = Release|Any CPU
		{FDE8BE15-EFD6-45EA-A681-177F279D8DEA}.Release|iPhoneSimulator.Deploy.0 = Release|Any CPU
		{8C0BCEEF-5688-4691-8254-37DE6C246F8C}.Ad-Hoc|Any CPU.ActiveCfg = Debug|Any CPU
		{8C0BCEEF-5688-4691-8254-37DE6C246F8C}.Ad-Hoc|Any CPU.Build.0 = Debug|Any CPU
		{8C0BCEEF-5688-4691-8254-37DE6C246F8C}.Ad-Hoc|iPhone.ActiveCfg = Debug|Any CPU
		{8C0BCEEF-5688-4691-8254-37DE6C246F8C}.Ad-Hoc|iPhone.Build.0 = Debug|Any CPU
		{8C0BCEEF-5688-4691-8254-37DE6C246F8C}.Ad-Hoc|iPhoneSimulator.ActiveCfg = Debug|Any CPU
		{8C0BCEEF-5688-4691-8254-37DE6C246F8C}.Ad-Hoc|iPhoneSimulator.Build.0 = Debug|Any CPU
		{8C0BCEEF-5688-4691-8254-37DE6C246F8C}.AppStore|Any CPU.ActiveCfg = Debug|Any CPU
		{8C0BCEEF-5688-4691-8254-37DE6C246F8C}.AppStore|Any CPU.Build.0 = Debug|Any CPU
		{8C0BCEEF-5688-4691-8254-37DE6C246F8C}.AppStore|iPhone.ActiveCfg = Debug|Any CPU
		{8C0BCEEF-5688-4691-8254-37DE6C246F8C}.AppStore|iPhone.Build.0 = Debug|Any CPU
		{8C0BCEEF-5688-4691-8254-37DE6C246F8C}.AppStore|iPhoneSimulator.ActiveCfg = Debug|Any CPU
		{8C0BCEEF-5688-4691-8254-37DE6C246F8C}.AppStore|iPhoneSimulator.Build.0 = Debug|Any CPU
		{8C0BCEEF-5688-4691-8254-37DE6C246F8C}.Debug|Any CPU.ActiveCfg = Debug|Any CPU
		{8C0BCEEF-5688-4691-8254-37DE6C246F8C}.Debug|Any CPU.Build.0 = Debug|Any CPU
		{8C0BCEEF-5688-4691-8254-37DE6C246F8C}.Debug|iPhone.ActiveCfg = Debug|Any CPU
		{8C0BCEEF-5688-4691-8254-37DE6C246F8C}.Debug|iPhone.Build.0 = Debug|Any CPU
		{8C0BCEEF-5688-4691-8254-37DE6C246F8C}.Debug|iPhoneSimulator.ActiveCfg = Debug|Any CPU
		{8C0BCEEF-5688-4691-8254-37DE6C246F8C}.Debug|iPhoneSimulator.Build.0 = Debug|Any CPU
		{8C0BCEEF-5688-4691-8254-37DE6C246F8C}.Release|Any CPU.ActiveCfg = Release|Any CPU
		{8C0BCEEF-5688-4691-8254-37DE6C246F8C}.Release|Any CPU.Build.0 = Release|Any CPU
		{8C0BCEEF-5688-4691-8254-37DE6C246F8C}.Release|iPhone.ActiveCfg = Release|Any CPU
		{8C0BCEEF-5688-4691-8254-37DE6C246F8C}.Release|iPhone.Build.0 = Release|Any CPU
		{8C0BCEEF-5688-4691-8254-37DE6C246F8C}.Release|iPhoneSimulator.ActiveCfg = Release|Any CPU
		{8C0BCEEF-5688-4691-8254-37DE6C246F8C}.Release|iPhoneSimulator.Build.0 = Release|Any CPU
	EndGlobalSection
	GlobalSection(SolutionProperties) = preSolution
		HideSolutionNode = FALSE
	EndGlobalSection
	GlobalSection(ExtensibilityGlobals) = postSolution
		SolutionGuid = {BB834A58-1F41-4A77-819B-9B5F90EDC7BF}
	EndGlobalSection
EndGlobal
